
Microsoft Visual Studio Solution File, Format Version 12.00
# Visual Studio Version 17
VisualStudioVersion = 17.6.33626.354
MinimumVisualStudioVersion = 10.0.40219.1
Project("{9A19103F-16F7-4668-BE54-9A1E7A4F7556}") = "APISupport", "APISupport.csproj", "{8C7F47A7-9DEB-469C-8CF3-021D6F5B982A}"
EndProject
Global
	GlobalSection(SolutionConfigurationPlatforms) = preSolution
		Debug|Any CPU = Debug|Any CPU
		Release|Any CPU = Release|Any CPU
	EndGlobalSection
	GlobalSection(ProjectConfigurationPlatforms) = postSolution
		{8C7F47A7-9DEB-469C-8CF3-021D6F5B982A}.Debug|Any CPU.ActiveCfg = Debug|Any CPU
		{8C7F47A7-9DEB-469C-8CF3-021D6F5B982A}.Debug|Any CPU.Build.0 = Debug|Any CPU
		{8C7F47A7-9DEB-469C-8CF3-021D6F5B982A}.Release|Any CPU.ActiveCfg = Release|Any CPU
		{8C7F47A7-9DEB-469C-8CF3-021D6F5B982A}.Release|Any CPU.Build.0 = Release|Any CPU
	EndGlobalSection
	GlobalSection(SolutionProperties) = preSolution
		HideSolutionNode = FALSE
	EndGlobalSection
	GlobalSection(ExtensibilityGlobals) = postSolution
		SolutionGuid = {410B81F0-CEDD-49F6-B82E-7FCC779F70C8}
	EndGlobalSection
EndGlobal
